
Microsoft Visual Studio Solution File, Format Version 11.00
# Visual Studio 2010
Project("{FAE04EC0-301F-11D3-BF4B-00C04F79EFBC}") = "WebAPI", "WebAPI\WebAPI.csproj", "{1F4EAE54-72A7-4677-B54E-43B7C9B69C2C}"
EndProject
Project("{FAE04EC0-301F-11D3-BF4B-00C04F79EFBC}") = "WebAPI.Model", "WebAPI.Model\WebAPI.Model.csproj", "{87063B50-A13C-48F6-874F-F4F16B0AF513}"
EndProject
Global
	GlobalSection(SolutionConfigurationPlatforms) = preSolution
		Debug|Any CPU = Debug|Any CPU
		Debug|Mixed Platforms = Debug|Mixed Platforms
		Debug|x86 = Debug|x86
		Release|Any CPU = Release|Any CPU
		Release|Mixed Platforms = Release|Mixed Platforms
		Release|x86 = Release|x86
	EndGlobalSection
	GlobalSection(ProjectConfigurationPlatforms) = postSolution
		{1F4EAE54-72A7-4677-B54E-43B7C9B69C2C}.Debug|Any CPU.ActiveCfg = Debug|Any CPU
		{1F4EAE54-72A7-4677-B54E-43B7C9B69C2C}.Debug|Any CPU.Build.0 = Debug|Any CPU
		{1F4EAE54-72A7-4677-B54E-43B7C9B69C2C}.Debug|Mixed Platforms.ActiveCfg = Debug|Any CPU
		{1F4EAE54-72A7-4677-B54E-43B7C9B69C2C}.Debug|Mixed Platforms.Build.0 = Debug|Any CPU
		{1F4EAE54-72A7-4677-B54E-43B7C9B69C2C}.Debug|x86.ActiveCfg = Debug|Any CPU
		{1F4EAE54-72A7-4677-B54E-43B7C9B69C2C}.Release|Any CPU.ActiveCfg = Release|Any CPU
		{1F4EAE54-72A7-4677-B54E-43B7C9B69C2C}.Release|Any CPU.Build.0 = Release|Any CPU
		{1F4EAE54-72A7-4677-B54E-43B7C9B69C2C}.Release|Mixed Platforms.ActiveCfg = Release|Any CPU
		{1F4EAE54-72A7-4677-B54E-43B7C9B69C2C}.Release|Mixed Platforms.Build.0 = Release|Any CPU
		{1F4EAE54-72A7-4677-B54E-43B7C9B69C2C}.Release|x86.ActiveCfg = Release|Any CPU
		{87063B50-A13C-48F6-874F-F4F16B0AF513}.Debug|Any CPU.ActiveCfg = Debug|Any CPU
		{87063B50-A13C-48F6-874F-F4F16B0AF513}.Debug|Any CPU.Build.0 = Debug|Any CPU
		{87063B50-A13C-48F6-874F-F4F16B0AF513}.Debug|Mixed Platforms.ActiveCfg = Debug|Any CPU
		{87063B50-A13C-48F6-874F-F4F16B0AF513}.Debug|Mixed Platforms.Build.0 = Debug|Any CPU
		{87063B50-A13C-48F6-874F-F4F16B0AF513}.Debug|x86.ActiveCfg = Debug|Any CPU
		{87063B50-A13C-48F6-874F-F4F16B0AF513}.Release|Any CPU.ActiveCfg = Release|Any CPU
		{87063B50-A13C-48F6-874F-F4F16B0AF513}.Release|Any CPU.Build.0 = Release|Any CPU
		{87063B50-A13C-48F6-874F-F4F16B0AF513}.Release|Mixed Platforms.ActiveCfg = Release|Any CPU
		{87063B50-A13C-48F6-874F-F4F16B0AF513}.Release|Mixed Platforms.Build.0 = Release|Any CPU
		{87063B50-A13C-48F6-874F-F4F16B0AF513}.Release|x86.ActiveCfg = Release|Any CPU
	EndGlobalSection
	GlobalSection(SolutionProperties) = preSolution
		HideSolutionNode = FALSE
	EndGlobalSection
EndGlobal
